[[package]]
name = "pytube"
version = "11.0.2"
description = "Python 3 library for downloading YouTube Videos."
category = "main"
optional = false
python-versions = ">=3.6"

[metadata]
lock-version = "1.1"
python-versions = "^3.8"
content-hash = "8fd7f470e98bb9590064318054762b379c5b129d6d06167c7346661a1266f31b"

[metadata.files]
pytube = [
    {file = "pytube-11.0.2-py3-none-any.whl", hash = "sha256:bf2b350e8e991f82b874928f5f1ba1a733a9848d650b01b08fabdf85eea15356"},
    {file = "pytube-11.0.2.tar.gz", hash = "sha256:21d2d151e6525f9f79401ae7a74a7de1e2bb1c00ede5d77c89e22d496389c5f1"},
]
